
Microsoft Visual Studio Solution File, Format Version 10.00
# Visual Studio 2008
Project("{8BC9CEB8-8B4A-11D0-8D11-00A0C91BC942}") = "DataStream_Test", "test.vcproj", "{992AB194-7624-4B85-9CC1-1D59B357FEBA}"
EndProject
Project("{8BC9CEB8-8B4A-11D0-8D11-00A0C91BC942}") = "DataStream_Viz", "viz.vcproj", "{1F396397-6D0E-46DB-84DB-D55FFA5FCDCD}"
EndProject
Project("{8BC9CEB8-8B4A-11D0-8D11-00A0C91BC942}") = "DataStream_Client", "client.vcproj", "{515B97EC-B4A5-4ABA-86F5-D7E9999F2BCC}"
EndProject
Global
	GlobalSection(SolutionConfigurationPlatforms) = preSolution
		Debug|Win32 = Debug|Win32
		Release|Win32 = Release|Win32
	EndGlobalSection
	GlobalSection(ProjectConfigurationPlatforms) = postSolution
		{992AB194-7624-4B85-9CC1-1D59B357FEBA}.Debug|Win32.ActiveCfg = Debug|Win32
		{992AB194-7624-4B85-9CC1-1D59B357FEBA}.Debug|Win32.Build.0 = Debug|Win32
		{992AB194-7624-4B85-9CC1-1D59B357FEBA}.Release|Win32.ActiveCfg = Release|Win32
		{992AB194-7624-4B85-9CC1-1D59B357FEBA}.Release|Win32.Build.0 = Release|Win32
		{1F396397-6D0E-46DB-84DB-D55FFA5FCDCD}.Debug|Win32.ActiveCfg = Debug|Win32
		{1F396397-6D0E-46DB-84DB-D55FFA5FCDCD}.Debug|Win32.Build.0 = Debug|Win32
		{1F396397-6D0E-46DB-84DB-D55FFA5FCDCD}.Release|Win32.ActiveCfg = Release|Win32
		{1F396397-6D0E-46DB-84DB-D55FFA5FCDCD}.Release|Win32.Build.0 = Release|Win32
		{515B97EC-B4A5-4ABA-86F5-D7E9999F2BCC}.Debug|Win32.ActiveCfg = Debug|Win32
		{515B97EC-B4A5-4ABA-86F5-D7E9999F2BCC}.Debug|Win32.Build.0 = Debug|Win32
		{515B97EC-B4A5-4ABA-86F5-D7E9999F2BCC}.Release|Win32.ActiveCfg = Release|Win32
		{515B97EC-B4A5-4ABA-86F5-D7E9999F2BCC}.Release|Win32.Build.0 = Release|Win32
	EndGlobalSection
	GlobalSection(SolutionProperties) = preSolution
		HideSolutionNode = FALSE
	EndGlobalSection
EndGlobal
